
Microsoft Visual Studio Solution File, Format Version 12.00
# Visual Studio Version 17
VisualStudioVersion = 17.9.34723.18
MinimumVisualStudioVersion = 10.0.40219.1
Project("{FAE04EC0-301F-11D3-BF4B-00C04F79EFBC}") = "LAB5(Assignment5)", "LAB5(Assignment5).csproj", "{905DE4F4-0C50-4E95-BAFD-0E3888C230FB}"
EndProject
Global
	GlobalSection(SolutionConfigurationPlatforms) = preSolution
		Debug|Any CPU = Debug|Any CPU
		Release|Any CPU = Release|Any CPU
	EndGlobalSection
	GlobalSection(ProjectConfigurationPlatforms) = postSolution
		{905DE4F4-0C50-4E95-BAFD-0E3888C230FB}.Debug|Any CPU.ActiveCfg = Debug|Any CPU
		{905DE4F4-0C50-4E95-BAFD-0E3888C230FB}.Debug|Any CPU.Build.0 = Debug|Any CPU
		{905DE4F4-0C50-4E95-BAFD-0E3888C230FB}.Release|Any CPU.ActiveCfg = Release|Any CPU
		{905DE4F4-0C50-4E95-BAFD-0E3888C230FB}.Release|Any CPU.Build.0 = Release|Any CPU
	EndGlobalSection
	GlobalSection(SolutionProperties) = preSolution
		HideSolutionNode = FALSE
	EndGlobalSection
	GlobalSection(ExtensibilityGlobals) = postSolution
		SolutionGuid = {FF94B646-D061-40F5-BBFE-19323F7B8CB4}
	EndGlobalSection
EndGlobal
